# This file is autogenerated, do not edit; changes may be undone by the next 'dep ensure'.


[[projects]]
  name = "github.com/davecgh/go-spew"
  packages = ["spew"]
  revision = "346938d642f2ec3594ed81d874461961cd0faa76"
  version = "v1.1.0"

[[projects]]
  branch = "master"
  name = "github.com/justinas/alice"
  packages = ["."]
  revision = "03f45bd4b7dad4734bc4620e46a35789349abb20"

[[projects]]
  name = "github.com/pkg/errors"
  packages = ["."]
  revision = "f15c970de5b76fac0b59abb32d62c17cc7bed265"

[[projects]]
  name = "github.com/pmezard/go-difflib"
  packages = ["difflib"]
  revision = "792786c7400a136282c1664665ae0a8db921c6c2"
  version = "v1.0.0"

[[projects]]
  name = "github.com/segmentio/conf"
  packages = ["."]
  revision = "c52a746b5ca4df470b42376da43137dfebb4c7ba"

[[projects]]
  name = "github.com/segmentio/events"
  packages = [
    ".",
    "ecslogs",
    "httpevents",
    "log",
    "sigevents",
    "text"
  ]
  revision = "406fcabaf3d3a8c0d790b3bbf7e3f795e277124e"
  version = "v2.0.1"

[[projects]]
  branch = "master"
  name = "github.com/segmentio/go-snakecase"
  packages = ["."]
  revision = "45c439a7815bbb735c7e000cbb73360d5f034fb9"

[[projects]]
  name = "github.com/segmentio/objconv"
  packages = [
    ".",
    "adapters",
    "adapters/net",
    "adapters/net/mail",
    "adapters/net/url",
    "json",
    "objutil",
    "yaml"
  ]
  revision = "98b459234b772da091ad987acb581db1c9fbf7f3"

[[projects]]
  name = "github.com/segmentio/rpc"
  packages = [
    ".",
    "rpcevents",
    "rpcstats"
  ]
  revision = "76da725d48b4da4ad4b79fa72cbc789fb03f8597"

[[projects]]
  name = "github.com/segmentio/stats"
  packages = [
    ".",
    "datadog",
    "httpstats",
    "procstats",
    "procstats/linux"
  ]
  revision = "277457325baa3e1a594aaaf15b255caa884a23c8"

[[projects]]
  name = "github.com/stretchr/testify"
  packages = ["assert"]
  revision = "2aa2c176b9dab406a6970f6a55f513e8a8c8b18f"

[[projects]]
  name = "gopkg.in/go-playground/mold.v2"
  packages = [
    ".",
    "modifiers"
  ]
  revision = "6bc20ce40733e8e04c2fda4523a957dd8e198948"
  version = "v2.2.0"

[[projects]]
  name = "gopkg.in/validator.v2"
  packages = ["."]
  revision = "460c83432a98c35224a6fe352acf8b23e067ad06"

[[projects]]
  branch = "v2"
  name = "gopkg.in/yaml.v2"
  packages = ["."]
  revision = "d670f9405373e636a5a2765eea47fac0c9bc91a4"

[solve-meta]
  analyzer-name = "dep"
  analyzer-version = 1
  inputs-digest = "4fd879177ee607f8b79ae8a9c8718d273adf6e1abb888f5532872c2bbb3a97aa"
  solver-name = "gps-cdcl"
  solver-version = 1
